// !$*UTF8*$!
{
	archiveVersion = 1;
	classes = {
	};
	objectVersion = 46;
	objects = {

/* Begin PBXBuildFile section */
		040D48A91C4FD0B200B6E736 /* Launch Screen.storyboard in Resources */ = {isa = PBXBuildFile; fileRef = 040D48A81C4FD0B200B6E736 /* Launch Screen.storyboard */; };
		040D48AD1C4FD8F500B6E736 /* CitySelectViewController.m in Sources */ = {isa = PBXBuildFile; fileRef = 040D48AB1C4FD8F500B6E736 /* CitySelectViewController.m */; };
		040D48AE1C4FD8F500B6E736 /* CitySelectViewController.xib in Resources */ = {isa = PBXBuildFile; fileRef = 040D48AC1C4FD8F500B6E736 /* CitySelectViewController.xib */; };
		040D48B01C4FDCB000B6E736 /* clock.png in Resources */ = {isa = PBXBuildFile; fileRef = 040D48AF1C4FDCB000B6E736 /* clock.png */; };
		045A89311C511A5F004CDFF6 /* WordTimeModel.m in Sources */ = {isa = PBXBuildFile; fileRef = 045A89301C511A5F004CDFF6 /* WordTimeModel.m */; };
		045A89371C511DAB004CDFF6 /* CitySelectNavigationBar.m in Sources */ = {isa = PBXBuildFile; fileRef = 045A89361C511DAB004CDFF6 /* CitySelectNavigationBar.m */; };
		045A89391C511DD9004CDFF6 /* CitySelectNavigationBar.xib in Resources */ = {isa = PBXBuildFile; fileRef = 045A89381C511DD9004CDFF6 /* CitySelectNavigationBar.xib */; };
		04E550191C4D1B670051DCB5 /* main.m in Sources */ = {isa = PBXBuildFile; fileRef = 04E550181C4D1B670051DCB5 /* main.m */; };
		04E5501C1C4D1B670051DCB5 /* AppDelegate.m in Sources */ = {isa = PBXBuildFile; fileRef = 04E5501B1C4D1B670051DCB5 /* AppDelegate.m */; };
		04E550241C4D1B670051DCB5 /* Assets.xcassets in Resources */ = {isa = PBXBuildFile; fileRef = 04E550231C4D1B670051DCB5 /* Assets.xcassets */; };
		04E550321C4D1B670051DCB5 /* clockTests.m in Sources */ = {isa = PBXBuildFile; fileRef = 04E550311C4D1B670051DCB5 /* clockTests.m */; };
		04E5503D1C4D1B670051DCB5 /* clockUITests.m in Sources */ = {isa = PBXBuildFile; fileRef = 04E5503C1C4D1B670051DCB5 /* clockUITests.m */; };
		04E5504F1C4D1D100051DCB5 /* WordTimeViewController.m in Sources */ = {isa = PBXBuildFile; fileRef = 04E5504D1C4D1D100051DCB5 /* WordTimeViewController.m */; };
		04E550531C4D237B0051DCB5 /* MainViewController.m in Sources */ = {isa = PBXBuildFile; fileRef = 04E550521C4D237B0051DCB5 /* MainViewController.m */; };
		04E550561C4D30AE0051DCB5 /* WordTimeTableViewController.m in Sources */ = {isa = PBXBuildFile; fileRef = 04E550551C4D30AE0051DCB5 /* WordTimeTableViewController.m */; };
		04F9FF6C1C4E6F6400E61A01 /* WordTimeTableViewCell.m in Sources */ = {isa = PBXBuildFile; fileRef = 04F9FF6A1C4E6F6400E61A01 /* WordTimeTableViewCell.m */; };
		04F9FF6D1C4E6F6400E61A01 /* WordTimeTableViewCell.xib in Resources */ = {isa = PBXBuildFile; fileRef = 04F9FF6B1C4E6F6400E61A01 /* WordTimeTableViewCell.xib */; };
/* End PBXBuildFile section */

/* Begin PBXContainerItemProxy section */
		04E5502E1C4D1B670051DCB5 /* PBXContainerItemProxy */ = {
			isa = PBXContainerItemProxy;
			containerPortal = 04E5500C1C4D1B670051DCB5 /* Project object */;
			proxyType = 1;
			remoteGlobalIDString = 04E550131C4D1B670051DCB5;
			remoteInfo = clock;
		};
		04E550391C4D1B670051DCB5 /* PBXContainerItemProxy */ = {
			isa = PBXContainerItemProxy;
			containerPortal = 04E5500C1C4D1B670051DCB5 /* Project object */;
			proxyType = 1;
			remoteGlobalIDString = 04E550131C4D1B670051DCB5;
			remoteInfo = clock;
		};
/* End PBXContainerItemProxy section */

/* Begin PBXFileReference section */
		040D48A81C4FD0B200B6E736 /* Launch Screen.storyboard */ = {isa = PBXFileReference; fileEncoding = 4; lastKnownFileType = file.storyboard; name = "Launch Screen.storyboard"; path = "../Launch Screen.storyboard"; sourceTree = "<group>"; };
		040D48AA1C4FD8F500B6E736 /* CitySelectViewController.h */ = {isa = PBXFileReference; fileEncoding = 4; lastKnownFileType = sourcecode.c.h; path = CitySelectViewController.h; sourceTree = "<group>"; };
		040D48AB1C4FD8F500B6E736 /* CitySelectViewController.m */ = {isa = PBXFileReference; fileEncoding = 4; lastKnownFileType = sourcecode.c.objc; path = CitySelectViewController.m; sourceTree = "<group>"; };
		040D48AC1C4FD8F500B6E736 /* CitySelectViewController.xib */ = {isa = PBXFileReference; fileEncoding = 4; lastKnownFileType = file.xib; path = CitySelectViewController.xib; sourceTree = "<group>"; };
		040D48AF1C4FDCB000B6E736 /* clock.png */ = {isa = PBXFileReference; lastKnownFileType = image.png; path = clock.png; sourceTree = "<group>"; };
		045A892F1C511A5F004CDFF6 /* WordTimeModel.h */ = {isa = PBXFileReference; fileEncoding = 4; lastKnownFileType = sourcecode.c.h; path = WordTimeModel.h; sourceTree = "<group>"; };
		045A89301C511A5F004CDFF6 /* WordTimeModel.m */ = {isa = PBXFileReference; fileEncoding = 4; lastKnownFileType = sourcecode.c.objc; path = WordTimeModel.m; sourceTree = "<group>"; };
		045A89351C511DAB004CDFF6 /* CitySelectNavigationBar.h */ = {isa = PBXFileReference; fileEncoding = 4; lastKnownFileType = sourcecode.c.h; path = CitySelectNavigationBar.h; sourceTree = "<group>"; };
		045A89361C511DAB004CDFF6 /* CitySelectNavigationBar.m */ = {isa = PBXFileReference; fileEncoding = 4; lastKnownFileType = sourcecode.c.objc; path = CitySelectNavigationBar.m; sourceTree = "<group>"; };
		045A89381C511DD9004CDFF6 /* CitySelectNavigationBar.xib */ = {isa = PBXFileReference; fileEncoding = 4; lastKnownFileType = file.xib; path = CitySelectNavigationBar.xib; sourceTree = "<group>"; };
		04E550141C4D1B670051DCB5 /* clock.app */ = {isa = PBXFileReference; explicitFileType = wrapper.application; includeInIndex = 0; path = clock.app; sourceTree = BUILT_PRODUCTS_DIR; };
		04E550181C4D1B670051DCB5 /* main.m */ = {isa = PBXFileReference; lastKnownFileType = sourcecode.c.objc; path = main.m; sourceTree = "<group>"; };
		04E5501A1C4D1B670051DCB5 /* AppDelegate.h */ = {isa = PBXFileReference; lastKnownFileType = sourcecode.c.h; path = AppDelegate.h; sourceTree = "<group>"; };
		04E5501B1C4D1B670051DCB5 /* AppDelegate.m */ = {isa = PBXFileReference; lastKnownFileType = sourcecode.c.objc; path = AppDelegate.m; sourceTree = "<group>"; };
		04E550231C4D1B670051DCB5 /* Assets.xcassets */ = {isa = PBXFileReference; lastKnownFileType = folder.assetcatalog; path = Assets.xcassets; sourceTree = "<group>"; };
		04E550281C4D1B670051DCB5 /* Info.plist */ = {isa = PBXFileReference; lastKnownFileType = text.plist.xml; path = Info.plist; sourceTree = "<group>"; };
		04E5502D1C4D1B670051DCB5 /* clockTests.xctest */ = {isa = PBXFileReference; explicitFileType = wrapper.cfbundle; includeInIndex = 0; path = clockTests.xctest; sourceTree = BUILT_PRODUCTS_DIR; };
		04E550311C4D1B670051DCB5 /* clockTests.m */ = {isa = PBXFileReference; lastKnownFileType = sourcecode.c.objc; path = clockTests.m; sourceTree = "<group>"; };
		04E550331C4D1B670051DCB5 /* Info.plist */ = {isa = PBXFileReference; lastKnownFileType = text.plist.xml; path = Info.plist; sourceTree = "<group>"; };
		04E550381C4D1B670051DCB5 /* clockUITests.xctest */ = {isa = PBXFileReference; explicitFileType = wrapper.cfbundle; includeInIndex = 0; path = clockUITests.xctest; sourceTree = BUILT_PRODUCTS_DIR; };
		04E5503C1C4D1B670051DCB5 /* clockUITests.m */ = {isa = PBXFileReference; lastKnownFileType = sourcecode.c.objc; path = clockUITests.m; sourceTree = "<group>"; };
		04E5503E1C4D1B670051DCB5 /* Info.plist */ = {isa = PBXFileReference; lastKnownFileType = text.plist.xml; path = Info.plist; sourceTree = "<group>"; };
		04E5504C1C4D1D100051DCB5 /* WordTimeViewController.h */ = {isa = PBXFileReference; fileEncoding = 4; lastKnownFileType = sourcecode.c.h; path = WordTimeViewController.h; sourceTree = "<group>"; };
		04E5504D1C4D1D100051DCB5 /* WordTimeViewController.m */ = {isa = PBXFileReference; fileEncoding = 4; lastKnownFileType = sourcecode.c.objc; path = WordTimeViewController.m; sourceTree = "<group>"; };
		04E550511C4D237B0051DCB5 /* MainViewController.h */ = {isa = PBXFileReference; fileEncoding = 4; lastKnownFileType = sourcecode.c.h; path = MainViewController.h; sourceTree = "<group>"; };
		04E550521C4D237B0051DCB5 /* MainViewController.m */ = {isa = PBXFileReference; fileEncoding = 4; lastKnownFileType = sourcecode.c.objc; path = MainViewController.m; sourceTree = "<group>"; };
		04E550541C4D30AE0051DCB5 /* WordTimeTableViewController.h */ = {isa = PBXFileReference; fileEncoding = 4; lastKnownFileType = sourcecode.c.h; path = WordTimeTableViewController.h; sourceTree = "<group>"; };
		04E550551C4D30AE0051DCB5 /* WordTimeTableViewController.m */ = {isa = PBXFileReference; fileEncoding = 4; lastKnownFileType = sourcecode.c.objc; path = WordTimeTableViewController.m; sourceTree = "<group>"; };
		04F9FF691C4E6F6400E61A01 /* WordTimeTableViewCell.h */ = {isa = PBXFileReference; fileEncoding = 4; lastKnownFileType = sourcecode.c.h; path = WordTimeTableViewCell.h; sourceTree = "<group>"; };
		04F9FF6A1C4E6F6400E61A01 /* WordTimeTableViewCell.m */ = {isa = PBXFileReference; fileEncoding = 4; lastKnownFileType = sourcecode.c.objc; path = WordTimeTableViewCell.m; sourceTree = "<group>"; };
		04F9FF6B1C4E6F6400E61A01 /* WordTimeTableViewCell.xib */ = {isa = PBXFileReference; fileEncoding = 4; lastKnownFileType = file.xib; path = WordTimeTableViewCell.xib; sourceTree = "<group>"; };
/* End PBXFileReference section */

/* Begin PBXFrameworksBuildPhase section */
		04E550111C4D1B670051DCB5 /* Frameworks */ = {
			isa = PBXFrameworksBuildPhase;
			buildActionMask = 2147483647;
			files = (
			);
			runOnlyForDeploymentPostprocessing = 0;
		};
		04E5502A1C4D1B670051DCB5 /* Frameworks */ = {
			isa = PBXFrameworksBuildPhase;
			buildActionMask = 2147483647;
			files = (
			);
			runOnlyForDeploymentPostprocessing = 0;
		};
		04E550351C4D1B670051DCB5 /* Frameworks */ = {
			isa = PBXFrameworksBuildPhase;
			buildActionMask = 2147483647;
			files = (
			);
			runOnlyForDeploymentPostprocessing = 0;
		};
/* End PBXFrameworksBuildPhase section */

/* Begin PBXGroup section */
		040D48B11C4FDCB500B6E736 /* images */ = {
			isa = PBXGroup;
			children = (
				04E550181C4D1B670051DCB5 /* main.m */,
			);
			name = images;
			sourceTree = "<group>";
		};
		045A89321C511A65004CDFF6 /* Model */ = {
			isa = PBXGroup;
			children = (
				045A892F1C511A5F004CDFF6 /* WordTimeModel.h */,
				045A89301C511A5F004CDFF6 /* WordTimeModel.m */,
			);
			name = Model;
			sourceTree = "<group>";
		};
		045A89331C511A73004CDFF6 /* View */ = {
			isa = PBXGroup;
			children = (
				04F9FF691C4E6F6400E61A01 /* WordTimeTableViewCell.h */,
				04F9FF6A1C4E6F6400E61A01 /* WordTimeTableViewCell.m */,
				04F9FF6B1C4E6F6400E61A01 /* WordTimeTableViewCell.xib */,
				045A89351C511DAB004CDFF6 /* CitySelectNavigationBar.h */,
				045A89361C511DAB004CDFF6 /* CitySelectNavigationBar.m */,
				045A89381C511DD9004CDFF6 /* CitySelectNavigationBar.xib */,
			);
			name = View;
			sourceTree = "<group>";
		};
		045A89341C511AA8004CDFF6 /* Controller */ = {
			isa = PBXGroup;
			children = (
				04E550511C4D237B0051DCB5 /* MainViewController.h */,
				04E550521C4D237B0051DCB5 /* MainViewController.m */,
				04E5504C1C4D1D100051DCB5 /* WordTimeViewController.h */,
				04E5504D1C4D1D100051DCB5 /* WordTimeViewController.m */,
				04E550541C4D30AE0051DCB5 /* WordTimeTableViewController.h */,
				04E550551C4D30AE0051DCB5 /* WordTimeTableViewController.m */,
				040D48AA1C4FD8F500B6E736 /* CitySelectViewController.h */,
				040D48AB1C4FD8F500B6E736 /* CitySelectViewController.m */,
				040D48AC1C4FD8F500B6E736 /* CitySelectViewController.xib */,
			);
			name = Controller;
			sourceTree = "<group>";
		};
		04E5500B1C4D1B670051DCB5 = {
			isa = PBXGroup;
			children = (
				04E550161C4D1B670051DCB5 /* clock */,
				04E550301C4D1B670051DCB5 /* clockTests */,
				04E5503B1C4D1B670051DCB5 /* clockUITests */,
				04E550151C4D1B670051DCB5 /* Products */,
			);
			sourceTree = "<group>";
		};
		04E550151C4D1B670051DCB5 /* Products */ = {
			isa = PBXGroup;
			children = (
				04E550141C4D1B670051DCB5 /* clock.app */,
				04E5502D1C4D1B670051DCB5 /* clockTests.xctest */,
				04E550381C4D1B670051DCB5 /* clockUITests.xctest */,
			);
			name = Products;
			sourceTree = "<group>";
		};
		04E550161C4D1B670051DCB5 /* clock */ = {
			isa = PBXGroup;
			children = (
				045A89341C511AA8004CDFF6 /* Controller */,
				045A89331C511A73004CDFF6 /* View */,
				045A89321C511A65004CDFF6 /* Model */,
				04E5501A1C4D1B670051DCB5 /* AppDelegate.h */,
				04E5501B1C4D1B670051DCB5 /* AppDelegate.m */,
				04E550231C4D1B670051DCB5 /* Assets.xcassets */,
				04E550281C4D1B670051DCB5 /* Info.plist */,
				040D48A81C4FD0B200B6E736 /* Launch Screen.storyboard */,
				04E550171C4D1B670051DCB5 /* Supporting Files */,
			);
			path = clock;
			sourceTree = "<group>";
		};
		04E550171C4D1B670051DCB5 /* Supporting Files */ = {
			isa = PBXGroup;
			children = (
				040D48B11C4FDCB500B6E736 /* images */,
				040D48AF1C4FDCB000B6E736 /* clock.png */,
			);
			name = "Supporting Files";
			sourceTree = "<group>";
		};
		04E550301C4D1B670051DCB5 /* clockTests */ = {
			isa = PBXGroup;
			children = (
				04E550311C4D1B670051DCB5 /* clockTests.m */,
				04E550331C4D1B670051DCB5 /* Info.plist */,
			);
			path = clockTests;
			sourceTree = "<group>";
		};
		04E5503B1C4D1B670051DCB5 /* clockUITests */ = {
			isa = PBXGroup;
			children = (
				04E5503C1C4D1B670051DCB5 /* clockUITests.m */,
				04E5503E1C4D1B670051DCB5 /* Info.plist */,
			);
			path = clockUITests;
			sourceTree = "<group>";
		};
/* End PBXGroup section */

/* Begin PBXNativeTarget section */
		04E550131C4D1B670051DCB5 /* clock */ = {
			isa = PBXNativeTarget;
			buildConfigurationList = 04E550411C4D1B670051DCB5 /* Build configuration list for PBXNativeTarget "clock" */;
			buildPhases = (
				04E550101C4D1B670051DCB5 /* Sources */,
				04E550111C4D1B670051DCB5 /* Frameworks */,
				04E550121C4D1B670051DCB5 /* Resources */,
			);
			buildRules = (
			);
			dependencies = (
			);
			name = clock;
			productName = clock;
			productReference = 04E550141C4D1B670051DCB5 /* clock.app */;
			productType = "com.apple.product-type.application";
		};
		04E5502C1C4D1B670051DCB5 /* clockTests */ = {
			isa = PBXNativeTarget;
			buildConfigurationList = 04E550441C4D1B670051DCB5 /* Build configuration list for PBXNativeTarget "clockTests" */;
			buildPhases = (
				04E550291C4D1B670051DCB5 /* Sources */,
				04E5502A1C4D1B670051DCB5 /* Frameworks */,
				04E5502B1C4D1B670051DCB5 /* Resources */,
			);
			buildRules = (
			);
			dependencies = (
				04E5502F1C4D1B670051DCB5 /* PBXTargetDependency */,
			);
			name = clockTests;
			productName = clockTests;
			productReference = 04E5502D1C4D1B670051DCB5 /* clockTests.xctest */;
			productType = "com.apple.product-type.bundle.unit-test";
		};
		04E550371C4D1B670051DCB5 /* clockUITests */ = {
			isa = PBXNativeTarget;
			buildConfigurationList = 04E550471C4D1B670051DCB5 /* Build configuration list for PBXNativeTarget "clockUITests" */;
			buildPhases = (
				04E550341C4D1B670051DCB5 /* Sources */,
				04E550351C4D1B670051DCB5 /* Frameworks */,
				04E550361C4D1B670051DCB5 /* Resources */,
			);
			buildRules = (
			);
			dependencies = (
				04E5503A1C4D1B670051DCB5 /* PBXTargetDependency */,
			);
			name = clockUITests;
			productName = clockUITests;
			productReference = 04E550381C4D1B670051DCB5 /* clockUITests.xctest */;
			productType = "com.apple.product-type.bundle.ui-testing";
		};
/* End PBXNativeTarget section */

/* Begin PBXProject section */
		04E5500C1C4D1B670051DCB5 /* Project object */ = {
			isa = PBXProject;
			attributes = {
				LastUpgradeCheck = 0720;
				ORGANIZATIONNAME = Mac;
				TargetAttributes = {
					04E550131C4D1B670051DCB5 = {
						CreatedOnToolsVersion = 7.2;
					};
					04E5502C1C4D1B670051DCB5 = {
						CreatedOnToolsVersion = 7.2;
						TestTargetID = 04E550131C4D1B670051DCB5;
					};
					04E550371C4D1B670051DCB5 = {
						CreatedOnToolsVersion = 7.2;
						TestTargetID = 04E550131C4D1B670051DCB5;
					};
				};
			};
			buildConfigurationList = 04E5500F1C4D1B670051DCB5 /* Build configuration list for PBXProject "clock" */;
			compatibilityVersion = "Xcode 3.2";
			developmentRegion = English;
			hasScannedForEncodings = 0;
			knownRegions = (
				en,
				Base,
			);
			mainGroup = 04E5500B1C4D1B670051DCB5;
			productRefGroup = 04E550151C4D1B670051DCB5 /* Products */;
			projectDirPath = "";
			projectRoot = "";
			targets = (
				04E550131C4D1B670051DCB5 /* clock */,
				04E5502C1C4D1B670051DCB5 /* clockTests */,
				04E550371C4D1B670051DCB5 /* clockUITests */,
			);
		};
/* End PBXProject section */

/* Begin PBXResourcesBuildPhase section */
		04E550121C4D1B670051DCB5 /* Resources */ = {
			isa = PBXResourcesBuildPhase;
			buildActionMask = 2147483647;
			files = (
				04F9FF6D1C4E6F6400E61A01 /* WordTimeTableViewCell.xib in Resources */,
				040D48B01C4FDCB000B6E736 /* clock.png in Resources */,
				040D48AE1C4FD8F500B6E736 /* CitySelectViewController.xib in Resources */,
				04E550241C4D1B670051DCB5 /* Assets.xcassets in Resources */,
				045A89391C511DD9004CDFF6 /* CitySelectNavigationBar.xib in Resources */,
				040D48A91C4FD0B200B6E736 /* Launch Screen.storyboard in Resources */,
			);
			runOnlyForDeploymentPostprocessing = 0;
		};
		04E5502B1C4D1B670051DCB5 /* Resources */ = {
			isa = PBXResourcesBuildPhase;
			buildActionMask = 2147483647;
			files = (
			);
			runOnlyForDeploymentPostprocessing = 0;
		};
		04E550361C4D1B670051DCB5 /* Resources */ = {
			isa = PBXResourcesBuildPhase;
			buildActionMask = 2147483647;
			files = (
			);
			runOnlyForDeploymentPostprocessing = 0;
		};
/* End PBXResourcesBuildPhase section */

/* Begin PBXSourcesBuildPhase section */
		04E550101C4D1B670051DCB5 /* Sources */ = {
			isa = PBXSourcesBuildPhase;
			buildActionMask = 2147483647;
			files = (
				040D48AD1C4FD8F500B6E736 /* CitySelectViewController.m in Sources */,
				045A89371C511DAB004CDFF6 /* CitySelectNavigationBar.m in Sources */,
				04F9FF6C1C4E6F6400E61A01 /* WordTimeTableViewCell.m in Sources */,
				04E5504F1C4D1D100051DCB5 /* WordTimeViewController.m in Sources */,
				04E5501C1C4D1B670051DCB5 /* AppDelegate.m in Sources */,
				04E550191C4D1B670051DCB5 /* main.m in Sources */,
				04E550561C4D30AE0051DCB5 /* WordTimeTableViewController.m in Sources */,
				045A89311C511A5F004CDFF6 /* WordTimeModel.m in Sources */,
				04E550531C4D237B0051DCB5 /* MainViewController.m in Sources */,
			);
			runOnlyForDeploymentPostprocessing = 0;
		};
		04E550291C4D1B670051DCB5 /* Sources */ = {
			isa = PBXSourcesBuildPhase;
			buildActionMask = 2147483647;
			files = (
				04E550321C4D1B670051DCB5 /* clockTests.m in Sources */,
			);
			runOnlyForDeploymentPostprocessing = 0;
		};
		04E550341C4D1B670051DCB5 /* Sources */ = {
			isa = PBXSourcesBuildPhase;
			buildActionMask = 2147483647;
			files = (
				04E5503D1C4D1B670051DCB5 /* clockUITests.m in Sources */,
			);
			runOnlyForDeploymentPostprocessing = 0;
		};
/* End PBXSourcesBuildPhase section */

/* Begin PBXTargetDependency section */
		04E5502F1C4D1B670051DCB5 /* PBXTargetDependency */ = {
			isa = PBXTargetDependency;
			target = 04E550131C4D1B670051DCB5 /* clock */;
			targetProxy = 04E5502E1C4D1B670051DCB5 /* PBXContainerItemProxy */;
		};
		04E5503A1C4D1B670051DCB5 /* PBXTargetDependency */ = {
			isa = PBXTargetDependency;
			target = 04E550131C4D1B670051DCB5 /* clock */;
			targetProxy = 04E550391C4D1B670051DCB5 /* PBXContainerItemProxy */;
		};
/* End PBXTargetDependency section */

/* Begin XCBuildConfiguration section */
		04E5503F1C4D1B670051DCB5 /* Debug */ = {
			isa = XCBuildConfiguration;
			buildSettings = {
				ALWAYS_SEARCH_USER_PATHS = NO;
				CLANG_CXX_LANGUAGE_STANDARD = "gnu++0x";
				CLANG_CXX_LIBRARY = "libc++";
				CLANG_ENABLE_MODULES = YES;
				CLANG_ENABLE_OBJC_ARC = YES;
				CLANG_WARN_BOOL_CONVERSION = YES;
				CLANG_WARN_CONSTANT_CONVERSION = YES;
				CLANG_WARN_DIRECT_OBJC_ISA_USAGE = YES_ERROR;
				CLANG_WARN_EMPTY_BODY = YES;
				CLANG_WARN_ENUM_CONVERSION = YES;
				CLANG_WARN_INT_CONVERSION = YES;
				CLANG_WARN_OBJC_ROOT_CLASS = YES_ERROR;
				CLANG_WARN_UNREACHABLE_CODE = YES;
				CLANG_WARN__DUPLICATE_METHOD_MATCH = YES;
				"CODE_SIGN_IDENTITY[sdk=iphoneos*]" = "iPhone Developer";
				COPY_PHASE_STRIP = NO;
				DEBUG_INFORMATION_FORMAT = dwarf;
				ENABLE_STRICT_OBJC_MSGSEND = YES;
				ENABLE_TESTABILITY = YES;
				GCC_C_LANGUAGE_STANDARD = gnu99;
				GCC_DYNAMIC_NO_PIC = NO;
				GCC_NO_COMMON_BLOCKS = YES;
				GCC_OPTIMIZATION_LEVEL = 0;
				GCC_PREPROCESSOR_DEFINITIONS = (
					"DEBUG=1",
					"$(inherited)",
				);
				GCC_WARN_64_TO_32_BIT_CONVERSION = YES;
				GCC_WARN_ABOUT_RETURN_TYPE = YES_ERROR;
				GCC_WARN_UNDECLARED_SELECTOR = YES;
				GCC_WARN_UNINITIALIZED_AUTOS = YES_AGGRESSIVE;
				GCC_WARN_UNUSED_FUNCTION = YES;
				GCC_WARN_UNUSED_VARIABLE = YES;
				IPHONEOS_DEPLOYMENT_TARGET = 9.2;
				MTL_ENABLE_DEBUG_INFO = YES;
				ONLY_ACTIVE_ARCH = YES;
				SDKROOT = iphoneos;
			};
			name = Debug;
		};
		04E550401C4D1B670051DCB5 /* Release */ = {
			isa = XCBuildConfiguration;
			buildSettings = {
				ALWAYS_SEARCH_USER_PATHS = NO;
				CLANG_CXX_LANGUAGE_STANDARD = "gnu++0x";
				CLANG_CXX_LIBRARY = "libc++";
				CLANG_ENABLE_MODULES = YES;
				CLANG_ENABLE_OBJC_ARC = YES;
				CLANG_WARN_BOOL_CONVERSION = YES;
				CLANG_WARN_CONSTANT_CONVERSION = YES;
				CLANG_WARN_DIRECT_OBJC_ISA_USAGE = YES_ERROR;
				CLANG_WARN_EMPTY_BODY = YES;
				CLANG_WARN_ENUM_CONVERSION = YES;
				CLANG_WARN_INT_CONVERSION = YES;
				CLANG_WARN_OBJC_ROOT_CLASS = YES_ERROR;
				CLANG_WARN_UNREACHABLE_CODE = YES;
				CLANG_WARN__DUPLICATE_METHOD_MATCH = YES;
				"CODE_SIGN_IDENTITY[sdk=iphoneos*]" = "iPhone Developer";
				COPY_PHASE_STRIP = NO;
				DEBUG_INFORMATION_FORMAT = "dwarf-with-dsym";
				ENABLE_NS_ASSERTIONS = NO;
				ENABLE_STRICT_OBJC_MSGSEND = YES;
				GCC_C_LANGUAGE_STANDARD = gnu99;
				GCC_NO_COMMON_BLOCKS = YES;
				GCC_WARN_64_TO_32_BIT_CONVERSION = YES;
				GCC_WARN_ABOUT_RETURN_TYPE = YES_ERROR;
				GCC_WARN_UNDECLARED_SELECTOR = YES;
				GCC_WARN_UNINITIALIZED_AUTOS = YES_AGGRESSIVE;
				GCC_WARN_UNUSED_FUNCTION = YES;
				GCC_WARN_UNUSED_VARIABLE = YES;
				IPHONEOS_DEPLOYMENT_TARGET = 9.2;
				MTL_ENABLE_DEBUG_INFO = NO;
				SDKROOT = iphoneos;
				VALIDATE_PRODUCT = YES;
			};
			name = Release;
		};
		04E550421C4D1B670051DCB5 /* Debug */ = {
			isa = XCBuildConfiguration;
			buildSettings = {
				ASSETCATALOG_COMPILER_APPICON_NAME = AppIcon;
				INFOPLIST_FILE = clock/Info.plist;
				IPHONEOS_DEPLOYMENT_TARGET = 8.0;
				LD_RUNPATH_SEARCH_PATHS = "$(inherited) @executable_path/Frameworks";
				PRODUCT_BUNDLE_IDENTIFIER = com.Qter.clock;
				PRODUCT_NAME = "$(TARGET_NAME)";
			};
			name = Debug;
		};
		04E550431C4D1B670051DCB5 /* Release */ = {
			isa = XCBuildConfiguration;
			buildSettings = {
				ASSETCATALOG_COMPILER_APPICON_NAME = AppIcon;
				INFOPLIST_FILE = clock/Info.plist;
				IPHONEOS_DEPLOYMENT_TARGET = 8.0;
				LD_RUNPATH_SEARCH_PATHS = "$(inherited) @executable_path/Frameworks";
				PRODUCT_BUNDLE_IDENTIFIER = com.Qter.clock;
				PRODUCT_NAME = "$(TARGET_NAME)";
			};
			name = Release;
		};
		04E550451C4D1B670051DCB5 /* Debug */ = {
			isa = XCBuildConfiguration;
			buildSettings = {
				BUNDLE_LOADER = "$(TEST_HOST)";
				INFOPLIST_FILE = clockTests/Info.plist;
				LD_RUNPATH_SEARCH_PATHS = "$(inherited) @executable_path/Frameworks @loader_path/Frameworks";
				PRODUCT_BUNDLE_IDENTIFIER = com.Qter.clockTests;
				PRODUCT_NAME = "$(TARGET_NAME)";
				TEST_HOST = "$(BUILT_PRODUCTS_DIR)/clock.app/clock";
			};
			name = Debug;
		};
		04E550461C4D1B670051DCB5 /* Release */ = {
			isa = XCBuildConfiguration;
			buildSettings = {
				BUNDLE_LOADER = "$(TEST_HOST)";
				INFOPLIST_FILE = clockTests/Info.plist;
				LD_RUNPATH_SEARCH_PATHS = "$(inherited) @executable_path/Frameworks @loader_path/Frameworks";
				PRODUCT_BUNDLE_IDENTIFIER = com.Qter.clockTests;
				PRODUCT_NAME = "$(TARGET_NAME)";
				TEST_HOST = "$(BUILT_PRODUCTS_DIR)/clock.app/clock";
			};
			name = Release;
		};
		04E550481C4D1B670051DCB5 /* Debug */ = {
			isa = XCBuildConfiguration;
			buildSettings = {
				INFOPLIST_FILE = clockUITests/Info.plist;
				LD_RUNPATH_SEARCH_PATHS = "$(inherited) @executable_path/Frameworks @loader_path/Frameworks";
				PRODUCT_BUNDLE_IDENTIFIER = com.Qter.clockUITests;
				PRODUCT_NAME = "$(TARGET_NAME)";
				TEST_TARGET_NAME = clock;
				USES_XCTRUNNER = YES;
			};
			name = Debug;
		};
		04E550491C4D1B670051DCB5 /* Release */ = {
			isa = XCBuildConfiguration;
			buildSettings = {
				INFOPLIST_FILE = clockUITests/Info.plist;
				LD_RUNPATH_SEARCH_PATHS = "$(inherited) @executable_path/Frameworks @loader_path/Frameworks";
				PRODUCT_BUNDLE_IDENTIFIER = com.Qter.clockUITests;
				PRODUCT_NAME = "$(TARGET_NAME)";
				TEST_TARGET_NAME = clock;
				USES_XCTRUNNER = YES;
			};
			name = Release;
		};
/* End XCBuildConfiguration section */

/* Begin XCConfigurationList section */
		04E5500F1C4D1B670051DCB5 /* Build configuration list for PBXProject "clock" */ = {
			isa = XCConfigurationList;
			buildConfigurations = (
				04E5503F1C4D1B670051DCB5 /* Debug */,
				04E550401C4D1B670051DCB5 /* Release */,
			);
			defaultConfigurationIsVisible = 0;
			defaultConfigurationName = Release;
		};
		04E550411C4D1B670051DCB5 /* Build configuration list for PBXNativeTarget "clock" */ = {
			isa = XCConfigurationList;
			buildConfigurations = (
				04E550421C4D1B670051DCB5 /* Debug */,
				04E550431C4D1B670051DCB5 /* Release */,
			);
			defaultConfigurationIsVisible = 0;
			defaultConfigurationName = Release;
		};
		04E550441C4D1B670051DCB5 /* Build configuration list for PBXNativeTarget "clockTests" */ = {
			isa = XCConfigurationList;
			buildConfigurations = (
				04E550451C4D1B670051DCB5 /* Debug */,
				04E550461C4D1B670051DCB5 /* Release */,
			);
			defaultConfigurationIsVisible = 0;
			defaultConfigurationName = Release;
		};
		04E550471C4D1B670051DCB5 /* Build configuration list for PBXNativeTarget "clockUITests" */ = {
			isa = XCConfigurationList;
			buildConfigurations = (
				04E550481C4D1B670051DCB5 /* Debug */,
				04E550491C4D1B670051DCB5 /* Release */,
			);
			defaultConfigurationIsVisible = 0;
			defaultConfigurationName = Release;
		};
/* End XCConfigurationList section */
	};
	rootObject = 04E5500C1C4D1B670051DCB5 /* Project object */;
}
